// !$*UTF8*$!
{
	archiveVersion = 1;
	classes = {
	};
	objectVersion = 46;
	objects = {

/* Begin PBXBuildFile section */
		181751B4190F4BE000E043B2 /* Foundation.framework in Frameworks */ = {isa = PBXBuildFile; fileRef = 181751B3190F4BE000E043B2 /* Foundation.framework */; };
		181751B6190F4BE000E043B2 /* CoreGraphics.framework in Frameworks */ = {isa = PBXBuildFile; fileRef = 181751B5190F4BE000E043B2 /* CoreGraphics.framework */; };
		181751B8190F4BE000E043B2 /* UIKit.framework in Frameworks */ = {isa = PBXBuildFile; fileRef = 181751B7190F4BE000E043B2 /* UIKit.framework */; };
		181751BE190F4BE000E043B2 /* InfoPlist.strings in Resources */ = {isa = PBXBuildFile; fileRef = 181751BC190F4BE000E043B2 /* InfoPlist.strings */; };
		181751C0190F4BE000E043B2 /* main.m in Sources */ = {isa = PBXBuildFile; fileRef = 181751BF190F4BE000E043B2 /* main.m */; };
		181751C4190F4BE000E043B2 /* DKAppDelegate.m in Sources */ = {isa = PBXBuildFile; fileRef = 181751C3190F4BE000E043B2 /* DKAppDelegate.m */; };
		181751C6190F4BE000E043B2 /* Images.xcassets in Resources */ = {isa = PBXBuildFile; fileRef = 181751C5190F4BE000E043B2 /* Images.xcassets */; };
		181751E5190F4C3300E043B2 /* DKMainViewController.m in Sources */ = {isa = PBXBuildFile; fileRef = 181751E3190F4C3300E043B2 /* DKMainViewController.m */; };
		181751E6190F4C3300E043B2 /* DKMainViewController.xib in Resources */ = {isa = PBXBuildFile; fileRef = 181751E4190F4C3300E043B2 /* DKMainViewController.xib */; };
		181F1B44190F57FF005006D8 /* DKPrintView.m in Sources */ = {isa = PBXBuildFile; fileRef = 181F1B43190F57FF005006D8 /* DKPrintView.m */; };
		181F1B47190F594E005006D8 /* DKToolsView.m in Sources */ = {isa = PBXBuildFile; fileRef = 181F1B46190F594E005006D8 /* DKToolsView.m */; };
		181F1B4A190F5959005006D8 /* DKStatusView.m in Sources */ = {isa = PBXBuildFile; fileRef = 181F1B49190F5959005006D8 /* DKStatusView.m */; };
		181F1B4D190F596A005006D8 /* DKFunctionsView.m in Sources */ = {isa = PBXBuildFile; fileRef = 181F1B4C190F596A005006D8 /* DKFunctionsView.m */; };
/* End PBXBuildFile section */

/* Begin PBXFileReference section */
		181751B0190F4BE000E043B2 /* printer.app */ = {isa = PBXFileReference; explicitFileType = wrapper.application; includeInIndex = 0; path = printer.app; sourceTree = BUILT_PRODUCTS_DIR; };
		181751B3190F4BE000E043B2 /* Foundation.framework */ = {isa = PBXFileReference; lastKnownFileType = wrapper.framework; name = Foundation.framework; path = System/Library/Frameworks/Foundation.framework; sourceTree = SDKROOT; };
		181751B5190F4BE000E043B2 /* CoreGraphics.framework */ = {isa = PBXFileReference; lastKnownFileType = wrapper.framework; name = CoreGraphics.framework; path = System/Library/Frameworks/CoreGraphics.framework; sourceTree = SDKROOT; };
		181751B7190F4BE000E043B2 /* UIKit.framework */ = {isa = PBXFileReference; lastKnownFileType = wrapper.framework; name = UIKit.framework; path = System/Library/Frameworks/UIKit.framework; sourceTree = SDKROOT; };
		181751BB190F4BE000E043B2 /* printer-Info.plist */ = {isa = PBXFileReference; lastKnownFileType = text.plist.xml; path = "printer-Info.plist"; sourceTree = "<group>"; };
		181751BD190F4BE000E043B2 /* en */ = {isa = PBXFileReference; lastKnownFileType = text.plist.strings; name = en; path = en.lproj/InfoPlist.strings; sourceTree = "<group>"; };
		181751BF190F4BE000E043B2 /* main.m */ = {isa = PBXFileReference; lastKnownFileType = sourcecode.c.objc; path = main.m; sourceTree = "<group>"; };
		181751C1190F4BE000E043B2 /* printer-Prefix.pch */ = {isa = PBXFileReference; lastKnownFileType = sourcecode.c.h; path = "printer-Prefix.pch"; sourceTree = "<group>"; };
		181751C2190F4BE000E043B2 /* DKAppDelegate.h */ = {isa = PBXFileReference; lastKnownFileType = sourcecode.c.h; path = DKAppDelegate.h; sourceTree = "<group>"; };
		181751C3190F4BE000E043B2 /* DKAppDelegate.m */ = {isa = PBXFileReference; lastKnownFileType = sourcecode.c.objc; path = DKAppDelegate.m; sourceTree = "<group>"; };
		181751C5190F4BE000E043B2 /* Images.xcassets */ = {isa = PBXFileReference; lastKnownFileType = folder.assetcatalog; path = Images.xcassets; sourceTree = "<group>"; };
		181751CC190F4BE000E043B2 /* XCTest.framework */ = {isa = PBXFileReference; lastKnownFileType = wrapper.framework; name = XCTest.framework; path = Library/Frameworks/XCTest.framework; sourceTree = DEVELOPER_DIR; };
		181751E2190F4C3300E043B2 /* DKMainViewController.h */ = {isa = PBXFileReference; fileEncoding = 4; lastKnownFileType = sourcecode.c.h; path = DKMainViewController.h; sourceTree = "<group>"; };
		181751E3190F4C3300E043B2 /* DKMainViewController.m */ = {isa = PBXFileReference; fileEncoding = 4; lastKnownFileType = sourcecode.c.objc; path = DKMainViewController.m; sourceTree = "<group>"; };
		181751E4190F4C3300E043B2 /* DKMainViewController.xib */ = {isa = PBXFileReference; fileEncoding = 4; lastKnownFileType = file.xib; path = DKMainViewController.xib; sourceTree = "<group>"; };
		181F1B42190F57FF005006D8 /* DKPrintView.h */ = {isa = PBXFileReference; fileEncoding = 4; lastKnownFileType = sourcecode.c.h; path = DKPrintView.h; sourceTree = "<group>"; };
		181F1B43190F57FF005006D8 /* DKPrintView.m */ = {isa = PBXFileReference; fileEncoding = 4; lastKnownFileType = sourcecode.c.objc; path = DKPrintView.m; sourceTree = "<group>"; };
		181F1B45190F594E005006D8 /* DKToolsView.h */ = {isa = PBXFileReference; fileEncoding = 4; lastKnownFileType = sourcecode.c.h; path = DKToolsView.h; sourceTree = "<group>"; };
		181F1B46190F594E005006D8 /* DKToolsView.m */ = {isa = PBXFileReference; fileEncoding = 4; lastKnownFileType = sourcecode.c.objc; path = DKToolsView.m; sourceTree = "<group>"; };
		181F1B48190F5959005006D8 /* DKStatusView.h */ = {isa = PBXFileReference; fileEncoding = 4; lastKnownFileType = sourcecode.c.h; path = DKStatusView.h; sourceTree = "<group>"; };
		181F1B49190F5959005006D8 /* DKStatusView.m */ = {isa = PBXFileReference; fileEncoding = 4; lastKnownFileType = sourcecode.c.objc; path = DKStatusView.m; sourceTree = "<group>"; };
		181F1B4B190F596A005006D8 /* DKFunctionsView.h */ = {isa = PBXFileReference; fileEncoding = 4; lastKnownFileType = sourcecode.c.h; path = DKFunctionsView.h; sourceTree = "<group>"; };
		181F1B4C190F596A005006D8 /* DKFunctionsView.m */ = {isa = PBXFileReference; fileEncoding = 4; lastKnownFileType = sourcecode.c.objc; path = DKFunctionsView.m; sourceTree = "<group>"; };
/* End PBXFileReference section */

/* Begin PBXFrameworksBuildPhase section */
		181751AD190F4BE000E043B2 /* Frameworks */ = {
			isa = PBXFrameworksBuildPhase;
			buildActionMask = 2147483647;
			files = (
				181751B6190F4BE000E043B2 /* CoreGraphics.framework in Frameworks */,
				181751B8190F4BE000E043B2 /* UIKit.framework in Frameworks */,
				181751B4190F4BE000E043B2 /* Foundation.framework in Frameworks */,
			);
			runOnlyForDeploymentPostprocessing = 0;
		};
/* End PBXFrameworksBuildPhase section */

/* Begin PBXGroup section */
		181751A7190F4BE000E043B2 = {
			isa = PBXGroup;
			children = (
				181F1B41190F57BE005006D8 /* views */,
				181751B9190F4BE000E043B2 /* printer */,
				181751B2190F4BE000E043B2 /* Frameworks */,
				181751B1190F4BE000E043B2 /* Products */,
			);
			sourceTree = "<group>";
		};
		181751B1190F4BE000E043B2 /* Products */ = {
			isa = PBXGroup;
			children = (
				181751B0190F4BE000E043B2 /* printer.app */,
			);
			name = Products;
			sourceTree = "<group>";
		};
		181751B2190F4BE000E043B2 /* Frameworks */ = {
			isa = PBXGroup;
			children = (
				181751B3190F4BE000E043B2 /* Foundation.framework */,
				181751B5190F4BE000E043B2 /* CoreGraphics.framework */,
				181751B7190F4BE000E043B2 /* UIKit.framework */,
				181751CC190F4BE000E043B2 /* XCTest.framework */,
			);
			name = Frameworks;
			sourceTree = "<group>";
		};
		181751B9190F4BE000E043B2 /* printer */ = {
			isa = PBXGroup;
			children = (
				181751C2190F4BE000E043B2 /* DKAppDelegate.h */,
				181751C3190F4BE000E043B2 /* DKAppDelegate.m */,
				181751E2190F4C3300E043B2 /* DKMainViewController.h */,
				181751E3190F4C3300E043B2 /* DKMainViewController.m */,
				181751E4190F4C3300E043B2 /* DKMainViewController.xib */,
				181751C5190F4BE000E043B2 /* Images.xcassets */,
				181751BA190F4BE000E043B2 /* Supporting Files */,
			);
			path = printer;
			sourceTree = "<group>";
		};
		181751BA190F4BE000E043B2 /* Supporting Files */ = {
			isa = PBXGroup;
			children = (
				181751BB190F4BE000E043B2 /* printer-Info.plist */,
				181751BC190F4BE000E043B2 /* InfoPlist.strings */,
				181751BF190F4BE000E043B2 /* main.m */,
				181751C1190F4BE000E043B2 /* printer-Prefix.pch */,
			);
			name = "Supporting Files";
			sourceTree = "<group>";
		};
		181F1B41190F57BE005006D8 /* views */ = {
			isa = PBXGroup;
			children = (
				181F1B42190F57FF005006D8 /* DKPrintView.h */,
				181F1B43190F57FF005006D8 /* DKPrintView.m */,
				181F1B45190F594E005006D8 /* DKToolsView.h */,
				181F1B46190F594E005006D8 /* DKToolsView.m */,
				181F1B48190F5959005006D8 /* DKStatusView.h */,
				181F1B49190F5959005006D8 /* DKStatusView.m */,
				181F1B4B190F596A005006D8 /* DKFunctionsView.h */,
				181F1B4C190F596A005006D8 /* DKFunctionsView.m */,
			);
			name = views;
			sourceTree = "<group>";
		};
/* End PBXGroup section */

/* Begin PBXNativeTarget section */
		181751AF190F4BE000E043B2 /* printer */ = {
			isa = PBXNativeTarget;
			buildConfigurationList = 181751DC190F4BE000E043B2 /* Build configuration list for PBXNativeTarget "printer" */;
			buildPhases = (
				181751AC190F4BE000E043B2 /* Sources */,
				181751AD190F4BE000E043B2 /* Frameworks */,
				181751AE190F4BE000E043B2 /* Resources */,
			);
			buildRules = (
			);
			dependencies = (
			);
			name = printer;
			productName = printer;
			productReference = 181751B0190F4BE000E043B2 /* printer.app */;
			productType = "com.apple.product-type.application";
		};
/* End PBXNativeTarget section */

/* Begin PBXProject section */
		181751A8190F4BE000E043B2 /* Project object */ = {
			isa = PBXProject;
			attributes = {
				CLASSPREFIX = DK;
				LastUpgradeCheck = 0510;
				ORGANIZATIONNAME = ldk;
			};
			buildConfigurationList = 181751AB190F4BE000E043B2 /* Build configuration list for PBXProject "printer" */;
			compatibilityVersion = "Xcode 3.2";
			developmentRegion = English;
			hasScannedForEncodings = 0;
			knownRegions = (
				en,
			);
			mainGroup = 181751A7190F4BE000E043B2;
			productRefGroup = 181751B1190F4BE000E043B2 /* Products */;
			projectDirPath = "";
			projectRoot = "";
			targets = (
				181751AF190F4BE000E043B2 /* printer */,
			);
		};
/* End PBXProject section */

/* Begin PBXResourcesBuildPhase section */
		181751AE190F4BE000E043B2 /* Resources */ = {
			isa = PBXResourcesBuildPhase;
			buildActionMask = 2147483647;
			files = (
				181751BE190F4BE000E043B2 /* InfoPlist.strings in Resources */,
				181751E6190F4C3300E043B2 /* DKMainViewController.xib in Resources */,
				181751C6190F4BE000E043B2 /* Images.xcassets in Resources */,
			);
			runOnlyForDeploymentPostprocessing = 0;
		};
/* End PBXResourcesBuildPhase section */

/* Begin PBXSourcesBuildPhase section */
		181751AC190F4BE000E043B2 /* Sources */ = {
			isa = PBXSourcesBuildPhase;
			buildActionMask = 2147483647;
			files = (
				181751E5190F4C3300E043B2 /* DKMainViewController.m in Sources */,
				181751C0190F4BE000E043B2 /* main.m in Sources */,
				181F1B47190F594E005006D8 /* DKToolsView.m in Sources */,
				181F1B4D190F596A005006D8 /* DKFunctionsView.m in Sources */,
				181F1B4A190F5959005006D8 /* DKStatusView.m in Sources */,
				181751C4190F4BE000E043B2 /* DKAppDelegate.m in Sources */,
				181F1B44190F57FF005006D8 /* DKPrintView.m in Sources */,
			);
			runOnlyForDeploymentPostprocessing = 0;
		};
/* End PBXSourcesBuildPhase section */

/* Begin PBXVariantGroup section */
		181751BC190F4BE000E043B2 /* InfoPlist.strings */ = {
			isa = PBXVariantGroup;
			children = (
				181751BD190F4BE000E043B2 /* en */,
			);
			name = InfoPlist.strings;
			sourceTree = "<group>";
		};
/* End PBXVariantGroup section */

/* Begin XCBuildConfiguration section */
		181751DA190F4BE000E043B2 /* Debug */ = {
			isa = XCBuildConfiguration;
			buildSettings = {
				ALWAYS_SEARCH_USER_PATHS = NO;
				CLANG_CXX_LANGUAGE_STANDARD = "gnu++0x";
				CLANG_CXX_LIBRARY = "libc++";
				CLANG_ENABLE_MODULES = YES;
				CLANG_ENABLE_OBJC_ARC = YES;
				CLANG_WARN_BOOL_CONVERSION = YES;
				CLANG_WARN_CONSTANT_CONVERSION = YES;
				CLANG_WARN_DIRECT_OBJC_ISA_USAGE = YES_ERROR;
				CLANG_WARN_EMPTY_BODY = YES;
				CLANG_WARN_ENUM_CONVERSION = YES;
				CLANG_WARN_INT_CONVERSION = YES;
				CLANG_WARN_OBJC_ROOT_CLASS = YES_ERROR;
				CLANG_WARN__DUPLICATE_METHOD_MATCH = YES;
				"CODE_SIGN_IDENTITY[sdk=iphoneos*]" = "iPhone Developer";
				COPY_PHASE_STRIP = NO;
				GCC_C_LANGUAGE_STANDARD = gnu99;
				GCC_DYNAMIC_NO_PIC = NO;
				GCC_OPTIMIZATION_LEVEL = 0;
				GCC_PREPROCESSOR_DEFINITIONS = (
					"DEBUG=1",
					"$(inherited)",
				);
				GCC_SYMBOLS_PRIVATE_EXTERN = NO;
				GCC_WARN_64_TO_32_BIT_CONVERSION = YES;
				GCC_WARN_ABOUT_RETURN_TYPE = YES_ERROR;
				GCC_WARN_UNDECLARED_SELECTOR = YES;
				GCC_WARN_UNINITIALIZED_AUTOS = YES_AGGRESSIVE;
				GCC_WARN_UNUSED_FUNCTION = YES;
				GCC_WARN_UNUSED_VARIABLE = YES;
				IPHONEOS_DEPLOYMENT_TARGET = 7.1;
				ONLY_ACTIVE_ARCH = YES;
				SDKROOT = iphoneos;
				TARGETED_DEVICE_FAMILY = 2;
			};
			name = Debug;
		};
		181751DB190F4BE000E043B2 /* Release */ = {
			isa = XCBuildConfiguration;
			buildSettings = {
				ALWAYS_SEARCH_USER_PATHS = NO;
				CLANG_CXX_LANGUAGE_STANDARD = "gnu++0x";
				CLANG_CXX_LIBRARY = "libc++";
				CLANG_ENABLE_MODULES = YES;
				CLANG_ENABLE_OBJC_ARC = YES;
				CLANG_WARN_BOOL_CONVERSION = YES;
				CLANG_WARN_CONSTANT_CONVERSION = YES;
				CLANG_WARN_DIRECT_OBJC_ISA_USAGE = YES_ERROR;
				CLANG_WARN_EMPTY_BODY = YES;
				CLANG_WARN_ENUM_CONVERSION = YES;
				CLANG_WARN_INT_CONVERSION = YES;
				CLANG_WARN_OBJC_ROOT_CLASS = YES_ERROR;
				CLANG_WARN__DUPLICATE_METHOD_MATCH = YES;
				"CODE_SIGN_IDENTITY[sdk=iphoneos*]" = "iPhone Developer";
				COPY_PHASE_STRIP = YES;
				ENABLE_NS_ASSERTIONS = NO;
				GCC_C_LANGUAGE_STANDARD = gnu99;
				GCC_WARN_64_TO_32_BIT_CONVERSION = YES;
				GCC_WARN_ABOUT_RETURN_TYPE = YES_ERROR;
				GCC_WARN_UNDECLARED_SELECTOR = YES;
				GCC_WARN_UNINITIALIZED_AUTOS = YES_AGGRESSIVE;
				GCC_WARN_UNUSED_FUNCTION = YES;
				GCC_WARN_UNUSED_VARIABLE = YES;
				IPHONEOS_DEPLOYMENT_TARGET = 7.1;
				SDKROOT = iphoneos;
				TARGETED_DEVICE_FAMILY = 2;
				VALIDATE_PRODUCT = YES;
			};
			name = Release;
		};
		181751DD190F4BE000E043B2 /* Debug */ = {
			isa = XCBuildConfiguration;
			buildSettings = {
				ASSETCATALOG_COMPILER_APPICON_NAME = AppIcon;
				ASSETCATALOG_COMPILER_LAUNCHIMAGE_NAME = LaunchImage;
				GCC_PRECOMPILE_PREFIX_HEADER = YES;
				GCC_PREFIX_HEADER = "printer/printer-Prefix.pch";
				INFOPLIST_FILE = "printer/printer-Info.plist";
				PRODUCT_NAME = "$(TARGET_NAME)";
				WRAPPER_EXTENSION = app;
			};
			name = Debug;
		};
		181751DE190F4BE000E043B2 /* Release */ = {
			isa = XCBuildConfiguration;
			buildSettings = {
				ASSETCATALOG_COMPILER_APPICON_NAME = AppIcon;
				ASSETCATALOG_COMPILER_LAUNCHIMAGE_NAME = LaunchImage;
				GCC_PRECOMPILE_PREFIX_HEADER = YES;
				GCC_PREFIX_HEADER = "printer/printer-Prefix.pch";
				INFOPLIST_FILE = "printer/printer-Info.plist";
				PRODUCT_NAME = "$(TARGET_NAME)";
				WRAPPER_EXTENSION = app;
			};
			name = Release;
		};
/* End XCBuildConfiguration section */

/* Begin XCConfigurationList section */
		181751AB190F4BE000E043B2 /* Build configuration list for PBXProject "printer" */ = {
			isa = XCConfigurationList;
			buildConfigurations = (
				181751DA190F4BE000E043B2 /* Debug */,
				181751DB190F4BE000E043B2 /* Release */,
			);
			defaultConfigurationIsVisible = 0;
			defaultConfigurationName = Release;
		};
		181751DC190F4BE000E043B2 /* Build configuration list for PBXNativeTarget "printer" */ = {
			isa = XCConfigurationList;
			buildConfigurations = (
				181751DD190F4BE000E043B2 /* Debug */,
				181751DE190F4BE000E043B2 /* Release */,
			);
			defaultConfigurationIsVisible = 0;
			defaultConfigurationName = Release;
		};
/* End XCConfigurationList section */
	};
	rootObject = 181751A8190F4BE000E043B2 /* Project object */;
}
